// !$*UTF8*$!
{
	archiveVersion = 1;
	classes = {
	};
	objectVersion = 55;
	objects = {

/* Begin PBXBuildFile section */
		5350F2E3273F5B93001816A9 /* MainViewController.swift in Sources */ = {isa = PBXBuildFile; fileRef = 5350F2E2273F5B93001816A9 /* MainViewController.swift */; };
		539C3C98273EC11B00B9DE8E /* AppDelegate.swift in Sources */ = {isa = PBXBuildFile; fileRef = 539C3C97273EC11B00B9DE8E /* AppDelegate.swift */; };
		539C3C9A273EC11B00B9DE8E /* SceneDelegate.swift in Sources */ = {isa = PBXBuildFile; fileRef = 539C3C99273EC11B00B9DE8E /* SceneDelegate.swift */; };
		539C3C9C273EC11B00B9DE8E /* GameViewController.swift in Sources */ = {isa = PBXBuildFile; fileRef = 539C3C9B273EC11B00B9DE8E /* GameViewController.swift */; };
		539C3C9F273EC11B00B9DE8E /* Main.storyboard in Resources */ = {isa = PBXBuildFile; fileRef = 539C3C9D273EC11B00B9DE8E /* Main.storyboard */; };
		539C3CA1273EC11C00B9DE8E /* Assets.xcassets in Resources */ = {isa = PBXBuildFile; fileRef = 539C3CA0273EC11C00B9DE8E /* Assets.xcassets */; };
		539C3CA4273EC11C00B9DE8E /* LaunchScreen.storyboard in Resources */ = {isa = PBXBuildFile; fileRef = 539C3CA2273EC11C00B9DE8E /* LaunchScreen.storyboard */; };
		539C3CAF273EC11C00B9DE8E /* CodeCamp2021Tests.swift in Sources */ = {isa = PBXBuildFile; fileRef = 539C3CAE273EC11C00B9DE8E /* CodeCamp2021Tests.swift */; };
		539C3CB9273EC11C00B9DE8E /* CodeCamp2021UITests.swift in Sources */ = {isa = PBXBuildFile; fileRef = 539C3CB8273EC11C00B9DE8E /* CodeCamp2021UITests.swift */; };
		539C3CBB273EC11C00B9DE8E /* CodeCamp2021UITestsLaunchTests.swift in Sources */ = {isa = PBXBuildFile; fileRef = 539C3CBA273EC11C00B9DE8E /* CodeCamp2021UITestsLaunchTests.swift */; };
		539C3CC8273EC2D800B9DE8E /* Player.swift in Sources */ = {isa = PBXBuildFile; fileRef = 539C3CC7273EC2D800B9DE8E /* Player.swift */; };
		539C3CCA273ED42C00B9DE8E /* PlayerViewCell.swift in Sources */ = {isa = PBXBuildFile; fileRef = 539C3CC9273ED42C00B9DE8E /* PlayerViewCell.swift */; };
		539C3CCC273ED8CF00B9DE8E /* GameStore.swift in Sources */ = {isa = PBXBuildFile; fileRef = 539C3CCB273ED8CF00B9DE8E /* GameStore.swift */; };
		539C3CCE273EDF3500B9DE8E /* Piece.swift in Sources */ = {isa = PBXBuildFile; fileRef = 539C3CCD273EDF3500B9DE8E /* Piece.swift */; };
		539C3CD0273EE00600B9DE8E /* GameBoardCell.swift in Sources */ = {isa = PBXBuildFile; fileRef = 539C3CCF273EE00600B9DE8E /* GameBoardCell.swift */; };
/* End PBXBuildFile section */

/* Begin PBXContainerItemProxy section */
		539C3CAB273EC11C00B9DE8E /* PBXContainerItemProxy */ = {
			isa = PBXContainerItemProxy;
			containerPortal = 539C3C8C273EC11B00B9DE8E /* Project object */;
			proxyType = 1;
			remoteGlobalIDString = 539C3C93273EC11B00B9DE8E;
			remoteInfo = CodeCamp2021;
		};
		539C3CB5273EC11C00B9DE8E /* PBXContainerItemProxy */ = {
			isa = PBXContainerItemProxy;
			containerPortal = 539C3C8C273EC11B00B9DE8E /* Project object */;
			proxyType = 1;
			remoteGlobalIDString = 539C3C93273EC11B00B9DE8E;
			remoteInfo = CodeCamp2021;
		};
/* End PBXContainerItemProxy section */

/* Begin PBXFileReference section */
		5350F2E2273F5B93001816A9 /* MainViewController.swift */ = {isa = PBXFileReference; lastKnownFileType = sourcecode.swift; path = MainViewController.swift; sourceTree = "<group>"; };
		539C3C94273EC11B00B9DE8E /* CodeCamp2021.app */ = {isa = PBXFileReference; explicitFileType = wrapper.application; includeInIndex = 0; path = CodeCamp2021.app; sourceTree = BUILT_PRODUCTS_DIR; };
		539C3C97273EC11B00B9DE8E /* AppDelegate.swift */ = {isa = PBXFileReference; lastKnownFileType = sourcecode.swift; path = AppDelegate.swift; sourceTree = "<group>"; };
		539C3C99273EC11B00B9DE8E /* SceneDelegate.swift */ = {isa = PBXFileReference; lastKnownFileType = sourcecode.swift; path = SceneDelegate.swift; sourceTree = "<group>"; };
		539C3C9B273EC11B00B9DE8E /* GameViewController.swift */ = {isa = PBXFileReference; lastKnownFileType = sourcecode.swift; path = GameViewController.swift; sourceTree = "<group>"; };
		539C3C9E273EC11B00B9DE8E /* Base */ = {isa = PBXFileReference; lastKnownFileType = file.storyboard; name = Base; path = Base.lproj/Main.storyboard; sourceTree = "<group>"; };
		539C3CA0273EC11C00B9DE8E /* Assets.xcassets */ = {isa = PBXFileReference; lastKnownFileType = folder.assetcatalog; path = Assets.xcassets; sourceTree = "<group>"; };
		539C3CA3273EC11C00B9DE8E /* Base */ = {isa = PBXFileReference; lastKnownFileType = file.storyboard; name = Base; path = Base.lproj/LaunchScreen.storyboard; sourceTree = "<group>"; };
		539C3CA5273EC11C00B9DE8E /* Info.plist */ = {isa = PBXFileReference; lastKnownFileType = text.plist.xml; path = Info.plist; sourceTree = "<group>"; };
		539C3CAA273EC11C00B9DE8E /* CodeCamp2021Tests.xctest */ = {isa = PBXFileReference; explicitFileType = wrapper.cfbundle; includeInIndex = 0; path = CodeCamp2021Tests.xctest; sourceTree = BUILT_PRODUCTS_DIR; };
		539C3CAE273EC11C00B9DE8E /* CodeCamp2021Tests.swift */ = {isa = PBXFileReference; lastKnownFileType = sourcecode.swift; path = CodeCamp2021Tests.swift; sourceTree = "<group>"; };
		539C3CB4273EC11C00B9DE8E /* CodeCamp2021UITests.xctest */ = {isa = PBXFileReference; explicitFileType = wrapper.cfbundle; includeInIndex = 0; path = CodeCamp2021UITests.xctest; sourceTree = BUILT_PRODUCTS_DIR; };
		539C3CB8273EC11C00B9DE8E /* CodeCamp2021UITests.swift */ = {isa = PBXFileReference; lastKnownFileType = sourcecode.swift; path = CodeCamp2021UITests.swift; sourceTree = "<group>"; };
		539C3CBA273EC11C00B9DE8E /* CodeCamp2021UITestsLaunchTests.swift */ = {isa = PBXFileReference; lastKnownFileType = sourcecode.swift; path = CodeCamp2021UITestsLaunchTests.swift; sourceTree = "<group>"; };
		539C3CC7273EC2D800B9DE8E /* Player.swift */ = {isa = PBXFileReference; lastKnownFileType = sourcecode.swift; path = Player.swift; sourceTree = "<group>"; };
		539C3CC9273ED42C00B9DE8E /* PlayerViewCell.swift */ = {isa = PBXFileReference; lastKnownFileType = sourcecode.swift; path = PlayerViewCell.swift; sourceTree = "<group>"; };
		539C3CCB273ED8CF00B9DE8E /* GameStore.swift */ = {isa = PBXFileReference; lastKnownFileType = sourcecode.swift; path = GameStore.swift; sourceTree = "<group>"; };
		539C3CCD273EDF3500B9DE8E /* Piece.swift */ = {isa = PBXFileReference; lastKnownFileType = sourcecode.swift; path = Piece.swift; sourceTree = "<group>"; };
		539C3CCF273EE00600B9DE8E /* GameBoardCell.swift */ = {isa = PBXFileReference; lastKnownFileType = sourcecode.swift; path = GameBoardCell.swift; sourceTree = "<group>"; };
/* End PBXFileReference section */

/* Begin PBXFrameworksBuildPhase section */
		539C3C91273EC11B00B9DE8E /* Frameworks */ = {
			isa = PBXFrameworksBuildPhase;
			buildActionMask = 2147483647;
			files = (
			);
			runOnlyForDeploymentPostprocessing = 0;
		};
		539C3CA7273EC11C00B9DE8E /* Frameworks */ = {
			isa = PBXFrameworksBuildPhase;
			buildActionMask = 2147483647;
			files = (
			);
			runOnlyForDeploymentPostprocessing = 0;
		};
		539C3CB1273EC11C00B9DE8E /* Frameworks */ = {
			isa = PBXFrameworksBuildPhase;
			buildActionMask = 2147483647;
			files = (
			);
			runOnlyForDeploymentPostprocessing = 0;
		};
/* End PBXFrameworksBuildPhase section */

/* Begin PBXGroup section */
		539C3C8B273EC11B00B9DE8E = {
			isa = PBXGroup;
			children = (
				539C3C96273EC11B00B9DE8E /* CodeCamp2021 */,
				539C3CAD273EC11C00B9DE8E /* CodeCamp2021Tests */,
				539C3CB7273EC11C00B9DE8E /* CodeCamp2021UITests */,
				539C3C95273EC11B00B9DE8E /* Products */,
			);
			sourceTree = "<group>";
		};
		539C3C95273EC11B00B9DE8E /* Products */ = {
			isa = PBXGroup;
			children = (
				539C3C94273EC11B00B9DE8E /* CodeCamp2021.app */,
				539C3CAA273EC11C00B9DE8E /* CodeCamp2021Tests.xctest */,
				539C3CB4273EC11C00B9DE8E /* CodeCamp2021UITests.xctest */,
			);
			name = Products;
			sourceTree = "<group>";
		};
		539C3C96273EC11B00B9DE8E /* CodeCamp2021 */ = {
			isa = PBXGroup;
			children = (
				539C3C97273EC11B00B9DE8E /* AppDelegate.swift */,
				539C3C99273EC11B00B9DE8E /* SceneDelegate.swift */,
				539C3C9B273EC11B00B9DE8E /* GameViewController.swift */,
				539C3CCB273ED8CF00B9DE8E /* GameStore.swift */,
				539C3CC7273EC2D800B9DE8E /* Player.swift */,
				539C3CCD273EDF3500B9DE8E /* Piece.swift */,
				539C3CC9273ED42C00B9DE8E /* PlayerViewCell.swift */,
				539C3CCF273EE00600B9DE8E /* GameBoardCell.swift */,
				539C3C9D273EC11B00B9DE8E /* Main.storyboard */,
				5350F2E2273F5B93001816A9 /* MainViewController.swift */,
				539C3CA0273EC11C00B9DE8E /* Assets.xcassets */,
				539C3CA2273EC11C00B9DE8E /* LaunchScreen.storyboard */,
				539C3CA5273EC11C00B9DE8E /* Info.plist */,
			);
			path = CodeCamp2021;
			sourceTree = "<group>";
		};
		539C3CAD273EC11C00B9DE8E /* CodeCamp2021Tests */ = {
			isa = PBXGroup;
			children = (
				539C3CAE273EC11C00B9DE8E /* CodeCamp2021Tests.swift */,
			);
			path = CodeCamp2021Tests;
			sourceTree = "<group>";
		};
		539C3CB7273EC11C00B9DE8E /* CodeCamp2021UITests */ = {
			isa = PBXGroup;
			children = (
				539C3CB8273EC11C00B9DE8E /* CodeCamp2021UITests.swift */,
				539C3CBA273EC11C00B9DE8E /* CodeCamp2021UITestsLaunchTests.swift */,
			);
			path = CodeCamp2021UITests;
			sourceTree = "<group>";
		};
/* End PBXGroup section */

/* Begin PBXNativeTarget section */
		539C3C93273EC11B00B9DE8E /* CodeCamp2021 */ = {
			isa = PBXNativeTarget;
			buildConfigurationList = 539C3CBE273EC11C00B9DE8E /* Build configuration list for PBXNativeTarget "CodeCamp2021" */;
			buildPhases = (
				539C3C90273EC11B00B9DE8E /* Sources */,
				539C3C91273EC11B00B9DE8E /* Frameworks */,
				539C3C92273EC11B00B9DE8E /* Resources */,
			);
			buildRules = (
			);
			dependencies = (
			);
			name = CodeCamp2021;
			productName = CodeCamp2021;
			productReference = 539C3C94273EC11B00B9DE8E /* CodeCamp2021.app */;
			productType = "com.apple.product-type.application";
		};
		539C3CA9273EC11C00B9DE8E /* CodeCamp2021Tests */ = {
			isa = PBXNativeTarget;
			buildConfigurationList = 539C3CC1273EC11C00B9DE8E /* Build configuration list for PBXNativeTarget "CodeCamp2021Tests" */;
			buildPhases = (
				539C3CA6273EC11C00B9DE8E /* Sources */,
				539C3CA7273EC11C00B9DE8E /* Frameworks */,
				539C3CA8273EC11C00B9DE8E /* Resources */,
			);
			buildRules = (
			);
			dependencies = (
				539C3CAC273EC11C00B9DE8E /* PBXTargetDependency */,
			);
			name = CodeCamp2021Tests;
			productName = CodeCamp2021Tests;
			productReference = 539C3CAA273EC11C00B9DE8E /* CodeCamp2021Tests.xctest */;
			productType = "com.apple.product-type.bundle.unit-test";
		};
		539C3CB3273EC11C00B9DE8E /* CodeCamp2021UITests */ = {
			isa = PBXNativeTarget;
			buildConfigurationList = 539C3CC4273EC11C00B9DE8E /* Build configuration list for PBXNativeTarget "CodeCamp2021UITests" */;
			buildPhases = (
				539C3CB0273EC11C00B9DE8E /* Sources */,
				539C3CB1273EC11C00B9DE8E /* Frameworks */,
				539C3CB2273EC11C00B9DE8E /* Resources */,
			);
			buildRules = (
			);
			dependencies = (
				539C3CB6273EC11C00B9DE8E /* PBXTargetDependency */,
			);
			name = CodeCamp2021UITests;
			productName = CodeCamp2021UITests;
			productReference = 539C3CB4273EC11C00B9DE8E /* CodeCamp2021UITests.xctest */;
			productType = "com.apple.product-type.bundle.ui-testing";
		};
/* End PBXNativeTarget section */

/* Begin PBXProject section */
		539C3C8C273EC11B00B9DE8E /* Project object */ = {
			isa = PBXProject;
			attributes = {
				BuildIndependentTargetsInParallel = 1;
				LastSwiftUpdateCheck = 1310;
				LastUpgradeCheck = 1310;
				TargetAttributes = {
					539C3C93273EC11B00B9DE8E = {
						CreatedOnToolsVersion = 13.1;
					};
					539C3CA9273EC11C00B9DE8E = {
						CreatedOnToolsVersion = 13.1;
						TestTargetID = 539C3C93273EC11B00B9DE8E;
					};
					539C3CB3273EC11C00B9DE8E = {
						CreatedOnToolsVersion = 13.1;
						TestTargetID = 539C3C93273EC11B00B9DE8E;
					};
				};
			};
			buildConfigurationList = 539C3C8F273EC11B00B9DE8E /* Build configuration list for PBXProject "CodeCamp2021" */;
			compatibilityVersion = "Xcode 13.0";
			developmentRegion = en;
			hasScannedForEncodings = 0;
			knownRegions = (
				en,
				Base,
			);
			mainGroup = 539C3C8B273EC11B00B9DE8E;
			productRefGroup = 539C3C95273EC11B00B9DE8E /* Products */;
			projectDirPath = "";
			projectRoot = "";
			targets = (
				539C3C93273EC11B00B9DE8E /* CodeCamp2021 */,
				539C3CA9273EC11C00B9DE8E /* CodeCamp2021Tests */,
				539C3CB3273EC11C00B9DE8E /* CodeCamp2021UITests */,
			);
		};
/* End PBXProject section */

/* Begin PBXResourcesBuildPhase section */
		539C3C92273EC11B00B9DE8E /* Resources */ = {
			isa = PBXResourcesBuildPhase;
			buildActionMask = 2147483647;
			files = (
				539C3CA4273EC11C00B9DE8E /* LaunchScreen.storyboard in Resources */,
				539C3CA1273EC11C00B9DE8E /* Assets.xcassets in Resources */,
				539C3C9F273EC11B00B9DE8E /* Main.storyboard in Resources */,
			);
			runOnlyForDeploymentPostprocessing = 0;
		};
		539C3CA8273EC11C00B9DE8E /* Resources */ = {
			isa = PBXResourcesBuildPhase;
			buildActionMask = 2147483647;
			files = (
			);
			runOnlyForDeploymentPostprocessing = 0;
		};
		539C3CB2273EC11C00B9DE8E /* Resources */ = {
			isa = PBXResourcesBuildPhase;
			buildActionMask = 2147483647;
			files = (
			);
			runOnlyForDeploymentPostprocessing = 0;
		};
/* End PBXResourcesBuildPhase section */

/* Begin PBXSourcesBuildPhase section */
		539C3C90273EC11B00B9DE8E /* Sources */ = {
			isa = PBXSourcesBuildPhase;
			buildActionMask = 2147483647;
			files = (
				539C3CD0273EE00600B9DE8E /* GameBoardCell.swift in Sources */,
				5350F2E3273F5B93001816A9 /* MainViewController.swift in Sources */,
				539C3CC8273EC2D800B9DE8E /* Player.swift in Sources */,
				539C3CCE273EDF3500B9DE8E /* Piece.swift in Sources */,
				539C3CCC273ED8CF00B9DE8E /* GameStore.swift in Sources */,
				539C3C9C273EC11B00B9DE8E /* GameViewController.swift in Sources */,
				539C3CCA273ED42C00B9DE8E /* PlayerViewCell.swift in Sources */,
				539C3C98273EC11B00B9DE8E /* AppDelegate.swift in Sources */,
				539C3C9A273EC11B00B9DE8E /* SceneDelegate.swift in Sources */,
			);
			runOnlyForDeploymentPostprocessing = 0;
		};
		539C3CA6273EC11C00B9DE8E /* Sources */ = {
			isa = PBXSourcesBuildPhase;
			buildActionMask = 2147483647;
			files = (
				539C3CAF273EC11C00B9DE8E /* CodeCamp2021Tests.swift in Sources */,
			);
			runOnlyForDeploymentPostprocessing = 0;
		};
		539C3CB0273EC11C00B9DE8E /* Sources */ = {
			isa = PBXSourcesBuildPhase;
			buildActionMask = 2147483647;
			files = (
				539C3CB9273EC11C00B9DE8E /* CodeCamp2021UITests.swift in Sources */,
				539C3CBB273EC11C00B9DE8E /* CodeCamp2021UITestsLaunchTests.swift in Sources */,
			);
			runOnlyForDeploymentPostprocessing = 0;
		};
/* End PBXSourcesBuildPhase section */

/* Begin PBXTargetDependency section */
		539C3CAC273EC11C00B9DE8E /* PBXTargetDependency */ = {
			isa = PBXTargetDependency;
			target = 539C3C93273EC11B00B9DE8E /* CodeCamp2021 */;
			targetProxy = 539C3CAB273EC11C00B9DE8E /* PBXContainerItemProxy */;
		};
		539C3CB6273EC11C00B9DE8E /* PBXTargetDependency */ = {
			isa = PBXTargetDependency;
			target = 539C3C93273EC11B00B9DE8E /* CodeCamp2021 */;
			targetProxy = 539C3CB5273EC11C00B9DE8E /* PBXContainerItemProxy */;
		};
/* End PBXTargetDependency section */

/* Begin PBXVariantGroup section */
		539C3C9D273EC11B00B9DE8E /* Main.storyboard */ = {
			isa = PBXVariantGroup;
			children = (
				539C3C9E273EC11B00B9DE8E /* Base */,
			);
			name = Main.storyboard;
			sourceTree = "<group>";
		};
		539C3CA2273EC11C00B9DE8E /* LaunchScreen.storyboard */ = {
			isa = PBXVariantGroup;
			children = (
				539C3CA3273EC11C00B9DE8E /* Base */,
			);
			name = LaunchScreen.storyboard;
			sourceTree = "<group>";
		};
/* End PBXVariantGroup section */

/* Begin XCBuildConfiguration section */
		539C3CBC273EC11C00B9DE8E /* Debug */ = {
			isa = XCBuildConfiguration;
			buildSettings = {
				ALWAYS_SEARCH_USER_PATHS = NO;
				CLANG_ANALYZER_NONNULL = YES;
				CLANG_ANALYZER_NUMBER_OBJECT_CONVERSION = YES_AGGRESSIVE;
				CLANG_CXX_LANGUAGE_STANDARD = "gnu++17";
				CLANG_CXX_LIBRARY = "libc++";
				CLANG_ENABLE_MODULES = YES;
				CLANG_ENABLE_OBJC_ARC = YES;
				CLANG_ENABLE_OBJC_WEAK = YES;
				CLANG_WARN_BLOCK_CAPTURE_AUTORELEASING = YES;
				CLANG_WARN_BOOL_CONVERSION = YES;
				CLANG_WARN_COMMA = YES;
				CLANG_WARN_CONSTANT_CONVERSION = YES;
				CLANG_WARN_DEPRECATED_OBJC_IMPLEMENTATIONS = YES;
				CLANG_WARN_DIRECT_OBJC_ISA_USAGE = YES_ERROR;
				CLANG_WARN_DOCUMENTATION_COMMENTS = YES;
				CLANG_WARN_EMPTY_BODY = YES;
				CLANG_WARN_ENUM_CONVERSION = YES;
				CLANG_WARN_INFINITE_RECURSION = YES;
				CLANG_WARN_INT_CONVERSION = YES;
				CLANG_WARN_NON_LITERAL_NULL_CONVERSION = YES;
				CLANG_WARN_OBJC_IMPLICIT_RETAIN_SELF = YES;
				CLANG_WARN_OBJC_LITERAL_CONVERSION = YES;
				CLANG_WARN_OBJC_ROOT_CLASS = YES_ERROR;
				CLANG_WARN_QUOTED_INCLUDE_IN_FRAMEWORK_HEADER = YES;
				CLANG_WARN_RANGE_LOOP_ANALYSIS = YES;
				CLANG_WARN_STRICT_PROTOTYPES = YES;
				CLANG_WARN_SUSPICIOUS_MOVE = YES;
				CLANG_WARN_UNGUARDED_AVAILABILITY = YES_AGGRESSIVE;
				CLANG_WARN_UNREACHABLE_CODE = YES;
				CLANG_WARN__DUPLICATE_METHOD_MATCH = YES;
				COPY_PHASE_STRIP = NO;
				DEBUG_INFORMATION_FORMAT = dwarf;
				ENABLE_STRICT_OBJC_MSGSEND = YES;
				ENABLE_TESTABILITY = YES;
				GCC_C_LANGUAGE_STANDARD = gnu11;
				GCC_DYNAMIC_NO_PIC = NO;
				GCC_NO_COMMON_BLOCKS = YES;
				GCC_OPTIMIZATION_LEVEL = 0;
				GCC_PREPROCESSOR_DEFINITIONS = (
					"DEBUG=1",
					"$(inherited)",
				);
				GCC_WARN_64_TO_32_BIT_CONVERSION = YES;
				GCC_WARN_ABOUT_RETURN_TYPE = YES_ERROR;
				GCC_WARN_UNDECLARED_SELECTOR = YES;
				GCC_WARN_UNINITIALIZED_AUTOS = YES_AGGRESSIVE;
				GCC_WARN_UNUSED_FUNCTION = YES;
				GCC_WARN_UNUSED_VARIABLE = YES;
				IPHONEOS_DEPLOYMENT_TARGET = 15.0;
				MTL_ENABLE_DEBUG_INFO = INCLUDE_SOURCE;
				MTL_FAST_MATH = YES;
				ONLY_ACTIVE_ARCH = YES;
				SDKROOT = iphoneos;
				SWIFT_ACTIVE_COMPILATION_CONDITIONS = DEBUG;
				SWIFT_OPTIMIZATION_LEVEL = "-Onone";
			};
			name = Debug;
		};
		539C3CBD273EC11C00B9DE8E /* Release */ = {
			isa = XCBuildConfiguration;
			buildSettings = {
				ALWAYS_SEARCH_USER_PATHS = NO;
				CLANG_ANALYZER_NONNULL = YES;
				CLANG_ANALYZER_NUMBER_OBJECT_CONVERSION = YES_AGGRESSIVE;
				CLANG_CXX_LANGUAGE_STANDARD = "gnu++17";
				CLANG_CXX_LIBRARY = "libc++";
				CLANG_ENABLE_MODULES = YES;
				CLANG_ENABLE_OBJC_ARC = YES;
				CLANG_ENABLE_OBJC_WEAK = YES;
				CLANG_WARN_BLOCK_CAPTURE_AUTORELEASING = YES;
				CLANG_WARN_BOOL_CONVERSION = YES;
				CLANG_WARN_COMMA = YES;
				CLANG_WARN_CONSTANT_CONVERSION = YES;
				CLANG_WARN_DEPRECATED_OBJC_IMPLEMENTATIONS = YES;
				CLANG_WARN_DIRECT_OBJC_ISA_USAGE = YES_ERROR;
				CLANG_WARN_DOCUMENTATION_COMMENTS = YES;
				CLANG_WARN_EMPTY_BODY = YES;
				CLANG_WARN_ENUM_CONVERSION = YES;
				CLANG_WARN_INFINITE_RECURSION = YES;
				CLANG_WARN_INT_CONVERSION = YES;
				CLANG_WARN_NON_LITERAL_NULL_CONVERSION = YES;
				CLANG_WARN_OBJC_IMPLICIT_RETAIN_SELF = YES;
				CLANG_WARN_OBJC_LITERAL_CONVERSION = YES;
				CLANG_WARN_OBJC_ROOT_CLASS = YES_ERROR;
				CLANG_WARN_QUOTED_INCLUDE_IN_FRAMEWORK_HEADER = YES;
				CLANG_WARN_RANGE_LOOP_ANALYSIS = YES;
				CLANG_WARN_STRICT_PROTOTYPES = YES;
				CLANG_WARN_SUSPICIOUS_MOVE = YES;
				CLANG_WARN_UNGUARDED_AVAILABILITY = YES_AGGRESSIVE;
				CLANG_WARN_UNREACHABLE_CODE = YES;
				CLANG_WARN__DUPLICATE_METHOD_MATCH = YES;
				COPY_PHASE_STRIP = NO;
				DEBUG_INFORMATION_FORMAT = "dwarf-with-dsym";
				ENABLE_NS_ASSERTIONS = NO;
				ENABLE_STRICT_OBJC_MSGSEND = YES;
				GCC_C_LANGUAGE_STANDARD = gnu11;
				GCC_NO_COMMON_BLOCKS = YES;
				GCC_WARN_64_TO_32_BIT_CONVERSION = YES;
				GCC_WARN_ABOUT_RETURN_TYPE = YES_ERROR;
				GCC_WARN_UNDECLARED_SELECTOR = YES;
				GCC_WARN_UNINITIALIZED_AUTOS = YES_AGGRESSIVE;
				GCC_WARN_UNUSED_FUNCTION = YES;
				GCC_WARN_UNUSED_VARIABLE = YES;
				IPHONEOS_DEPLOYMENT_TARGET = 15.0;
				MTL_ENABLE_DEBUG_INFO = NO;
				MTL_FAST_MATH = YES;
				SDKROOT = iphoneos;
				SWIFT_COMPILATION_MODE = wholemodule;
				SWIFT_OPTIMIZATION_LEVEL = "-O";
				VALIDATE_PRODUCT = YES;
			};
			name = Release;
		};
		539C3CBF273EC11C00B9DE8E /* Debug */ = {
			isa = XCBuildConfiguration;
			buildSettings = {
				ASSETCATALOG_COMPILER_APPICON_NAME = AppIcon;
				ASSETCATALOG_COMPILER_GLOBAL_ACCENT_COLOR_NAME = AccentColor;
				CODE_SIGN_STYLE = Automatic;
				CURRENT_PROJECT_VERSION = 1;
				DEVELOPMENT_TEAM = Z3X5A6GM97;
				GENERATE_INFOPLIST_FILE = YES;
				INFOPLIST_FILE = CodeCamp2021/Info.plist;
				INFOPLIST_KEY_CFBundleDisplayName = "Color Block";
				INFOPLIST_KEY_UIApplicationSupportsIndirectInputEvents = YES;
				INFOPLIST_KEY_UILaunchStoryboardName = LaunchScreen;
				INFOPLIST_KEY_UIMainStoryboardFile = Main;
				INFOPLIST_KEY_UISupportedInterfaceOrientations_iPad = "UIInterfaceOrientationPortrait UIInterfaceOrientationPortraitUpsideDown UIInterfaceOrientationLandscapeLeft UIInterfaceOrientationLandscapeRight";
				INFOPLIST_KEY_UISupportedInterfaceOrientations_iPhone = "UIInterfaceOrientationPortrait UIInterfaceOrientationLandscapeLeft UIInterfaceOrientationLandscapeRight";
				IPHONEOS_DEPLOYMENT_TARGET = 15.0;
				LD_RUNPATH_SEARCH_PATHS = (
					"$(inherited)",
					"@executable_path/Frameworks",
				);
				MARKETING_VERSION = 1.0;
				PRODUCT_BUNDLE_IDENTIFIER = com.WSchmitt.CodeCamp2021;
				PRODUCT_NAME = "$(TARGET_NAME)";
				SWIFT_EMIT_LOC_STRINGS = YES;
				SWIFT_VERSION = 5.0;
				TARGETED_DEVICE_FAMILY = "1,2";
			};
			name = Debug;
		};
		539C3CC0273EC11C00B9DE8E /* Release */ = {
			isa = XCBuildConfiguration;
			buildSettings = {
				ASSETCATALOG_COMPILER_APPICON_NAME = AppIcon;
				ASSETCATALOG_COMPILER_GLOBAL_ACCENT_COLOR_NAME = AccentColor;
				CODE_SIGN_STYLE = Automatic;
				CURRENT_PROJECT_VERSION = 1;
				DEVELOPMENT_TEAM = Z3X5A6GM97;
				GENERATE_INFOPLIST_FILE = YES;
				INFOPLIST_FILE = CodeCamp2021/Info.plist;
				INFOPLIST_KEY_CFBundleDisplayName = "Color Block";
				INFOPLIST_KEY_UIApplicationSupportsIndirectInputEvents = YES;
				INFOPLIST_KEY_UILaunchStoryboardName = LaunchScreen;
				INFOPLIST_KEY_UIMainStoryboardFile = Main;
				INFOPLIST_KEY_UISupportedInterfaceOrientations_iPad = "UIInterfaceOrientationPortrait UIInterfaceOrientationPortraitUpsideDown UIInterfaceOrientationLandscapeLeft UIInterfaceOrientationLandscapeRight";
				INFOPLIST_KEY_UISupportedInterfaceOrientations_iPhone = "UIInterfaceOrientationPortrait UIInterfaceOrientationLandscapeLeft UIInterfaceOrientationLandscapeRight";
				IPHONEOS_DEPLOYMENT_TARGET = 15.0;
				LD_RUNPATH_SEARCH_PATHS = (
					"$(inherited)",
					"@executable_path/Frameworks",
				);
				MARKETING_VERSION = 1.0;
				PRODUCT_BUNDLE_IDENTIFIER = com.WSchmitt.CodeCamp2021;
				PRODUCT_NAME = "$(TARGET_NAME)";
				SWIFT_EMIT_LOC_STRINGS = YES;
				SWIFT_VERSION = 5.0;
				TARGETED_DEVICE_FAMILY = "1,2";
			};
			name = Release;
		};
		539C3CC2273EC11C00B9DE8E /* Debug */ = {
			isa = XCBuildConfiguration;
			buildSettings = {
				ALWAYS_EMBED_SWIFT_STANDARD_LIBRARIES = YES;
				BUNDLE_LOADER = "$(TEST_HOST)";
				CODE_SIGN_STYLE = Automatic;
				CURRENT_PROJECT_VERSION = 1;
				GENERATE_INFOPLIST_FILE = YES;
				IPHONEOS_DEPLOYMENT_TARGET = 15.0;
				LD_RUNPATH_SEARCH_PATHS = (
					"$(inherited)",
					"@executable_path/Frameworks",
					"@loader_path/Frameworks",
				);
				MARKETING_VERSION = 1.0;
				PRODUCT_BUNDLE_IDENTIFIER = com.WSchmitt.CodeCamp2021Tests;
				PRODUCT_NAME = "$(TARGET_NAME)";
				SWIFT_EMIT_LOC_STRINGS = NO;
				SWIFT_VERSION = 5.0;
				TARGETED_DEVICE_FAMILY = "1,2";
				TEST_HOST = "$(BUILT_PRODUCTS_DIR)/CodeCamp2021.app/CodeCamp2021";
			};
			name = Debug;
		};
		539C3CC3273EC11C00B9DE8E /* Release */ = {
			isa = XCBuildConfiguration;
			buildSettings = {
				ALWAYS_EMBED_SWIFT_STANDARD_LIBRARIES = YES;
				BUNDLE_LOADER = "$(TEST_HOST)";
				CODE_SIGN_STYLE = Automatic;
				CURRENT_PROJECT_VERSION = 1;
				GENERATE_INFOPLIST_FILE = YES;
				IPHONEOS_DEPLOYMENT_TARGET = 15.0;
				LD_RUNPATH_SEARCH_PATHS = (
					"$(inherited)",
					"@executable_path/Frameworks",
					"@loader_path/Frameworks",
				);
				MARKETING_VERSION = 1.0;
				PRODUCT_BUNDLE_IDENTIFIER = com.WSchmitt.CodeCamp2021Tests;
				PRODUCT_NAME = "$(TARGET_NAME)";
				SWIFT_EMIT_LOC_STRINGS = NO;
				SWIFT_VERSION = 5.0;
				TARGETED_DEVICE_FAMILY = "1,2";
				TEST_HOST = "$(BUILT_PRODUCTS_DIR)/CodeCamp2021.app/CodeCamp2021";
			};
			name = Release;
		};
		539C3CC5273EC11C00B9DE8E /* Debug */ = {
			isa = XCBuildConfiguration;
			buildSettings = {
				ALWAYS_EMBED_SWIFT_STANDARD_LIBRARIES = YES;
				CODE_SIGN_STYLE = Automatic;
				CURRENT_PROJECT_VERSION = 1;
				GENERATE_INFOPLIST_FILE = YES;
				LD_RUNPATH_SEARCH_PATHS = (
					"$(inherited)",
					"@executable_path/Frameworks",
					"@loader_path/Frameworks",
				);
				MARKETING_VERSION = 1.0;
				PRODUCT_BUNDLE_IDENTIFIER = com.WSchmitt.CodeCamp2021UITests;
				PRODUCT_NAME = "$(TARGET_NAME)";
				SWIFT_EMIT_LOC_STRINGS = NO;
				SWIFT_VERSION = 5.0;
				TARGETED_DEVICE_FAMILY = "1,2";
				TEST_TARGET_NAME = CodeCamp2021;
			};
			name = Debug;
		};
		539C3CC6273EC11C00B9DE8E /* Release */ = {
			isa = XCBuildConfiguration;
			buildSettings = {
				ALWAYS_EMBED_SWIFT_STANDARD_LIBRARIES = YES;
				CODE_SIGN_STYLE = Automatic;
				CURRENT_PROJECT_VERSION = 1;
				GENERATE_INFOPLIST_FILE = YES;
				LD_RUNPATH_SEARCH_PATHS = (
					"$(inherited)",
					"@executable_path/Frameworks",
					"@loader_path/Frameworks",
				);
				MARKETING_VERSION = 1.0;
				PRODUCT_BUNDLE_IDENTIFIER = com.WSchmitt.CodeCamp2021UITests;
				PRODUCT_NAME = "$(TARGET_NAME)";
				SWIFT_EMIT_LOC_STRINGS = NO;
				SWIFT_VERSION = 5.0;
				TARGETED_DEVICE_FAMILY = "1,2";
				TEST_TARGET_NAME = CodeCamp2021;
			};
			name = Release;
		};
/* End XCBuildConfiguration section */

/* Begin XCConfigurationList section */
		539C3C8F273EC11B00B9DE8E /* Build configuration list for PBXProject "CodeCamp2021" */ = {
			isa = XCConfigurationList;
			buildConfigurations = (
				539C3CBC273EC11C00B9DE8E /* Debug */,
				539C3CBD273EC11C00B9DE8E /* Release */,
			);
			defaultConfigurationIsVisible = 0;
			defaultConfigurationName = Release;
		};
		539C3CBE273EC11C00B9DE8E /* Build configuration list for PBXNativeTarget "CodeCamp2021" */ = {
			isa = XCConfigurationList;
			buildConfigurations = (
				539C3CBF273EC11C00B9DE8E /* Debug */,
				539C3CC0273EC11C00B9DE8E /* Release */,
			);
			defaultConfigurationIsVisible = 0;
			defaultConfigurationName = Release;
		};
		539C3CC1273EC11C00B9DE8E /* Build configuration list for PBXNativeTarget "CodeCamp2021Tests" */ = {
			isa = XCConfigurationList;
			buildConfigurations = (
				539C3CC2273EC11C00B9DE8E /* Debug */,
				539C3CC3273EC11C00B9DE8E /* Release */,
			);
			defaultConfigurationIsVisible = 0;
			defaultConfigurationName = Release;
		};
		539C3CC4273EC11C00B9DE8E /* Build configuration list for PBXNativeTarget "CodeCamp2021UITests" */ = {
			isa = XCConfigurationList;
			buildConfigurations = (
				539C3CC5273EC11C00B9DE8E /* Debug */,
				539C3CC6273EC11C00B9DE8E /* Release */,
			);
			defaultConfigurationIsVisible = 0;
			defaultConfigurationName = Release;
		};
/* End XCConfigurationList section */
	};
	rootObject = 539C3C8C273EC11B00B9DE8E /* Project object */;
}
